Microsoft Visual Studio Solution File, Format Version 11.00
# Visual Studio 2008

Project("{FB20DF3C-2584-7396-49C4-7E15BDD1E1E1}") = "Nightmares", "Assembly-CSharp.csproj", "{2B2CEF85-F06E-DCD9-FA2E-A4905B19F945}"
EndProject
Project("{FB20DF3C-2584-7396-49C4-7E15BDD1E1E1}") = "Nightmares", "Assembly-UnityScript.unityproj", "{EA528127-6C5B-92D7-FE0D-D7D2B2385D22}"
EndProject
Global
	GlobalSection(SolutionConfigurationPlatforms) = preSolution
		Debug|Any CPU = Debug|Any CPU
		Release|Any CPU = Release|Any CPU
	EndGlobalSection
	GlobalSection(ProjectConfigurationPlatforms) = postSolution
		{2B2CEF85-F06E-DCD9-FA2E-A4905B19F945}.Debug|Any CPU.ActiveCfg = Debug|Any CPU
		{2B2CEF85-F06E-DCD9-FA2E-A4905B19F945}.Debug|Any CPU.Build.0 = Debug|Any CPU
		{2B2CEF85-F06E-DCD9-FA2E-A4905B19F945}.Release|Any CPU.ActiveCfg = Release|Any CPU
		{2B2CEF85-F06E-DCD9-FA2E-A4905B19F945}.Release|Any CPU.Build.0 = Release|Any CPU
		{EA528127-6C5B-92D7-FE0D-D7D2B2385D22}.Debug|Any CPU.ActiveCfg = Debug|Any CPU
		{EA528127-6C5B-92D7-FE0D-D7D2B2385D22}.Debug|Any CPU.Build.0 = Debug|Any CPU
		{EA528127-6C5B-92D7-FE0D-D7D2B2385D22}.Release|Any CPU.ActiveCfg = Release|Any CPU
		{EA528127-6C5B-92D7-FE0D-D7D2B2385D22}.Release|Any CPU.Build.0 = Release|Any CPU
	EndGlobalSection
	GlobalSection(SolutionProperties) = preSolution
		HideSolutionNode = FALSE
	EndGlobalSection
	GlobalSection(MonoDevelopProperties) = preSolution
		StartupItem = Assembly-CSharp.csproj
	EndGlobalSection
EndGlobal
