Microsoft Visual Studio Solution File, Format Version 11.00
# Visual Studio 2008

Project("{C6030F53-C11E-96CC-C18C-BD55A44E0B6D}") = "NightmaresWorking", "Assembly-CSharp.csproj", "{84C13A01-AF7C-DB2D-8354-B6DED331B1C2}"
EndProject
Project("{C6030F53-C11E-96CC-C18C-BD55A44E0B6D}") = "NightmaresWorking", "Assembly-UnityScript.unityproj", "{43D6EE4C-EA48-2D7B-2C01-2EBA76C9C40E}"
EndProject
Global
	GlobalSection(SolutionConfigurationPlatforms) = preSolution
		Debug|Any CPU = Debug|Any CPU
		Release|Any CPU = Release|Any CPU
	EndGlobalSection
	GlobalSection(ProjectConfigurationPlatforms) = postSolution
		{84C13A01-AF7C-DB2D-8354-B6DED331B1C2}.Debug|Any CPU.ActiveCfg = Debug|Any CPU
		{84C13A01-AF7C-DB2D-8354-B6DED331B1C2}.Debug|Any CPU.Build.0 = Debug|Any CPU
		{84C13A01-AF7C-DB2D-8354-B6DED331B1C2}.Release|Any CPU.ActiveCfg = Release|Any CPU
		{84C13A01-AF7C-DB2D-8354-B6DED331B1C2}.Release|Any CPU.Build.0 = Release|Any CPU
		{43D6EE4C-EA48-2D7B-2C01-2EBA76C9C40E}.Debug|Any CPU.ActiveCfg = Debug|Any CPU
		{43D6EE4C-EA48-2D7B-2C01-2EBA76C9C40E}.Debug|Any CPU.Build.0 = Debug|Any CPU
		{43D6EE4C-EA48-2D7B-2C01-2EBA76C9C40E}.Release|Any CPU.ActiveCfg = Release|Any CPU
		{43D6EE4C-EA48-2D7B-2C01-2EBA76C9C40E}.Release|Any CPU.Build.0 = Release|Any CPU
	EndGlobalSection
	GlobalSection(SolutionProperties) = preSolution
		HideSolutionNode = FALSE
	EndGlobalSection
	GlobalSection(MonoDevelopProperties) = preSolution
		StartupItem = Assembly-CSharp.csproj
	EndGlobalSection
EndGlobal
