Microsoft Visual Studio Solution File, Format Version 11.00
# Visual Studio 2008

Project("{F0713962-AF3E-0E16-8733-B2A57603DA6F}") = "SurvivalGameMain", "Assembly-CSharp.csproj", "{43F7C3E1-1560-5641-59A9-936DBBA8C12A}"
EndProject
Project("{F0713962-AF3E-0E16-8733-B2A57603DA6F}") = "SurvivalGameMain", "Assembly-UnityScript.unityproj", "{68BE98B8-4A84-B856-02B9-7ED65AD92735}"
EndProject
Global
	GlobalSection(SolutionConfigurationPlatforms) = preSolution
		Debug|Any CPU = Debug|Any CPU
		Release|Any CPU = Release|Any CPU
	EndGlobalSection
	GlobalSection(ProjectConfigurationPlatforms) = postSolution
		{43F7C3E1-1560-5641-59A9-936DBBA8C12A}.Debug|Any CPU.ActiveCfg = Debug|Any CPU
		{43F7C3E1-1560-5641-59A9-936DBBA8C12A}.Debug|Any CPU.Build.0 = Debug|Any CPU
		{43F7C3E1-1560-5641-59A9-936DBBA8C12A}.Release|Any CPU.ActiveCfg = Release|Any CPU
		{43F7C3E1-1560-5641-59A9-936DBBA8C12A}.Release|Any CPU.Build.0 = Release|Any CPU
		{68BE98B8-4A84-B856-02B9-7ED65AD92735}.Debug|Any CPU.ActiveCfg = Debug|Any CPU
		{68BE98B8-4A84-B856-02B9-7ED65AD92735}.Debug|Any CPU.Build.0 = Debug|Any CPU
		{68BE98B8-4A84-B856-02B9-7ED65AD92735}.Release|Any CPU.ActiveCfg = Release|Any CPU
		{68BE98B8-4A84-B856-02B9-7ED65AD92735}.Release|Any CPU.Build.0 = Release|Any CPU
	EndGlobalSection
	GlobalSection(SolutionProperties) = preSolution
		HideSolutionNode = FALSE
	EndGlobalSection
	GlobalSection(MonoDevelopProperties) = preSolution
		StartupItem = Assembly-CSharp.csproj
	EndGlobalSection
EndGlobal
